
Microsoft Visual Studio Solution File, Format Version 12.00
# Visual Studio Version 17
VisualStudioVersion = 17.9.34607.119
MinimumVisualStudioVersion = 10.0.40219.1
Project("{9A19103F-16F7-4668-BE54-9A1E7A4F7556}") = "WebApi", "WebApi\WebApi.csproj", "{C0CB0ECB-B369-49AF-B683-59987D763E06}"
EndProject
Project("{9A19103F-16F7-4668-BE54-9A1E7A4F7556}") = "Products_Test", "Products.Test\Products_Test.csproj", "{85C55860-A3F9-4BAF-97E4-52A9EFE018AE}"
EndProject
Project("{9A19103F-16F7-4668-BE54-9A1E7A4F7556}") = "Products_Domain", "Products.Domain\Products_Domain.csproj", "{B684BF74-DF51-4407-A239-EA1315AE8CDE}"
	ProjectSection(ProjectDependencies) = postProject
		{C0CB0ECB-B369-49AF-B683-59987D763E06} = {C0CB0ECB-B369-49AF-B683-59987D763E06}
	EndProjectSection
EndProject
Project("{9A19103F-16F7-4668-BE54-9A1E7A4F7556}") = "Products_Data", "Products.Data\Products_Data.csproj", "{73C55D88-D7A9-4EA8-AE9B-C64AA510DD21}"
	ProjectSection(ProjectDependencies) = postProject
		{C0CB0ECB-B369-49AF-B683-59987D763E06} = {C0CB0ECB-B369-49AF-B683-59987D763E06}
	EndProjectSection
EndProject
Global
	GlobalSection(SolutionConfigurationPlatforms) = preSolution
		Debug|Any CPU = Debug|Any CPU
		Release|Any CPU = Release|Any CPU
	EndGlobalSection
	GlobalSection(ProjectConfigurationPlatforms) = postSolution
		{C0CB0ECB-B369-49AF-B683-59987D763E06}.Debug|Any CPU.ActiveCfg = Debug|Any CPU
		{C0CB0ECB-B369-49AF-B683-59987D763E06}.Debug|Any CPU.Build.0 = Debug|Any CPU
		{C0CB0ECB-B369-49AF-B683-59987D763E06}.Release|Any CPU.ActiveCfg = Release|Any CPU
		{C0CB0ECB-B369-49AF-B683-59987D763E06}.Release|Any CPU.Build.0 = Release|Any CPU
		{85C55860-A3F9-4BAF-97E4-52A9EFE018AE}.Debug|Any CPU.ActiveCfg = Debug|Any CPU
		{85C55860-A3F9-4BAF-97E4-52A9EFE018AE}.Debug|Any CPU.Build.0 = Debug|Any CPU
		{85C55860-A3F9-4BAF-97E4-52A9EFE018AE}.Release|Any CPU.ActiveCfg = Release|Any CPU
		{85C55860-A3F9-4BAF-97E4-52A9EFE018AE}.Release|Any CPU.Build.0 = Release|Any CPU
		{B684BF74-DF51-4407-A239-EA1315AE8CDE}.Debug|Any CPU.ActiveCfg = Debug|Any CPU
		{B684BF74-DF51-4407-A239-EA1315AE8CDE}.Debug|Any CPU.Build.0 = Debug|Any CPU
		{B684BF74-DF51-4407-A239-EA1315AE8CDE}.Release|Any CPU.ActiveCfg = Release|Any CPU
		{B684BF74-DF51-4407-A239-EA1315AE8CDE}.Release|Any CPU.Build.0 = Release|Any CPU
		{73C55D88-D7A9-4EA8-AE9B-C64AA510DD21}.Debug|Any CPU.ActiveCfg = Debug|Any CPU
		{73C55D88-D7A9-4EA8-AE9B-C64AA510DD21}.Debug|Any CPU.Build.0 = Debug|Any CPU
		{73C55D88-D7A9-4EA8-AE9B-C64AA510DD21}.Release|Any CPU.ActiveCfg = Release|Any CPU
		{73C55D88-D7A9-4EA8-AE9B-C64AA510DD21}.Release|Any CPU.Build.0 = Release|Any CPU
	EndGlobalSection
	GlobalSection(SolutionProperties) = preSolution
		HideSolutionNode = FALSE
	EndGlobalSection
	GlobalSection(ExtensibilityGlobals) = postSolution
		SolutionGuid = {A295DA00-50DC-436D-A365-C7903B837EF2}
	EndGlobalSection
EndGlobal
